
Microsoft Visual Studio Solution File, Format Version 12.00
# Visual Studio Version 17
VisualStudioVersion = 17.0.31912.275
MinimumVisualStudioVersion = 10.0.40219.1
Project("{FAE04EC0-301F-11D3-BF4B-00C04F79EFBC}") = "oop-qrCode", "oop-qrCode\oop-qrCode.csproj", "{B31E7462-1CDD-41F2-8D25-B60EDB8BC98C}"
EndProject
Global
	GlobalSection(SolutionConfigurationPlatforms) = preSolution
		Debug|Any CPU = Debug|Any CPU
		Release|Any CPU = Release|Any CPU
	EndGlobalSection
	GlobalSection(ProjectConfigurationPlatforms) = postSolution
		{B31E7462-1CDD-41F2-8D25-B60EDB8BC98C}.Debug|Any CPU.ActiveCfg = Debug|Any CPU
		{B31E7462-1CDD-41F2-8D25-B60EDB8BC98C}.Debug|Any CPU.Build.0 = Debug|Any CPU
		{B31E7462-1CDD-41F2-8D25-B60EDB8BC98C}.Release|Any CPU.ActiveCfg = Release|Any CPU
		{B31E7462-1CDD-41F2-8D25-B60EDB8BC98C}.Release|Any CPU.Build.0 = Release|Any CPU
	EndGlobalSection
	GlobalSection(SolutionProperties) = preSolution
		HideSolutionNode = FALSE
	EndGlobalSection
	GlobalSection(ExtensibilityGlobals) = postSolution
		SolutionGuid = {D1543B04-148C-4A4B-AA09-C668C8ED81E3}
	EndGlobalSection
EndGlobal
